
Microsoft Visual Studio Solution File, Format Version 12.00
# Visual Studio Version 16
VisualStudioVersion = 16.0.28917.182
MinimumVisualStudioVersion = 10.0.40219.1
Project("{FAE04EC0-301F-11D3-BF4B-00C04F79EFBC}") = "Musikal", "Musikal.csproj", "{238FFA26-21ED-4477-AB57-834CEF601E15}"
EndProject
Global
	GlobalSection(SolutionConfigurationPlatforms) = preSolution
		Debug|Any CPU = Debug|Any CPU
		Release|Any CPU = Release|Any CPU
	EndGlobalSection
	GlobalSection(ProjectConfigurationPlatforms) = postSolution
		{238FFA26-21ED-4477-AB57-834CEF601E15}.Debug|Any CPU.ActiveCfg = Debug|Any CPU
		{238FFA26-21ED-4477-AB57-834CEF601E15}.Debug|Any CPU.Build.0 = Debug|Any CPU
		{238FFA26-21ED-4477-AB57-834CEF601E15}.Release|Any CPU.ActiveCfg = Release|Any CPU
		{238FFA26-21ED-4477-AB57-834CEF601E15}.Release|Any CPU.Build.0 = Release|Any CPU
	EndGlobalSection
	GlobalSection(SolutionProperties) = preSolution
		HideSolutionNode = FALSE
	EndGlobalSection
	GlobalSection(ExtensibilityGlobals) = postSolution
		SolutionGuid = {5AF22193-E54A-4D5E-94B6-AC93B7E307C8}
	EndGlobalSection
EndGlobal
